// !$*UTF8*$!
{
	archiveVersion = 1;
	classes = {
	};
	objectVersion = 77;
	objects = {

/* Begin PBXBuildFile section */
		8EAF23C62E6A42DD002D3F14 /* GoogleService-Info.plist in Resources */ = {isa = PBXBuildFile; fileRef = 8EAF23C52E6A42DD002D3F14 /* GoogleService-Info.plist */; };
		8EAF23C92E6A46E1002D3F14 /* FirebaseAuth in Frameworks */ = {isa = PBXBuildFile; productRef = 8EAF23C82E6A46E1002D3F14 /* FirebaseAuth */; };
		8EAF23CB2E6A46E1002D3F14 /* FirebaseFirestore in Frameworks */ = {isa = PBXBuildFile; productRef = 8EAF23CA2E6A46E1002D3F14 /* FirebaseFirestore */; };
/* End PBXBuildFile section */

/* Begin PBXContainerItemProxy section */
		8E8C4EE82D53C3820065CE27 /* PBXContainerItemProxy */ = {
			isa = PBXContainerItemProxy;
			containerPortal = 8E8C4ECF2D53C3810065CE27 /* Project object */;
			proxyType = 1;
			remoteGlobalIDString = 8E8C4ED62D53C3810065CE27;
			remoteInfo = MovieReviews;
		};
		8E8C4EF22D53C3820065CE27 /* PBXContainerItemProxy */ = {
			isa = PBXContainerItemProxy;
			containerPortal = 8E8C4ECF2D53C3810065CE27 /* Project object */;
			proxyType = 1;
			remoteGlobalIDString = 8E8C4ED62D53C3810065CE27;
			remoteInfo = MovieReviews;
		};
/* End PBXContainerItemProxy section */

/* Begin PBXFileReference section */
		8E8C4ED72D53C3810065CE27 /* MovieReviews.app */ = {isa = PBXFileReference; explicitFileType = wrapper.application; includeInIndex = 0; path = MovieReviews.app; sourceTree = BUILT_PRODUCTS_DIR; };
		8E8C4EE72D53C3820065CE27 /* MovieReviewsTests.xctest */ = {isa = PBXFileReference; explicitFileType = wrapper.cfbundle; includeInIndex = 0; path = MovieReviewsTests.xctest; sourceTree = BUILT_PRODUCTS_DIR; };
		8E8C4EF12D53C3820065CE27 /* MovieReviewsUITests.xctest */ = {isa = PBXFileReference; explicitFileType = wrapper.cfbundle; includeInIndex = 0; path = MovieReviewsUITests.xctest; sourceTree = BUILT_PRODUCTS_DIR; };
		8EAF23C52E6A42DD002D3F14 /* GoogleService-Info.plist */ = {isa = PBXFileReference; lastKnownFileType = text.plist.xml; path = "GoogleService-Info.plist"; sourceTree = "<group>"; };
/* End PBXFileReference section */

/* Begin PBXFileSystemSynchronizedRootGroup section */
		8E8C4ED92D53C3810065CE27 /* MovieReviews */ = {
			isa = PBXFileSystemSynchronizedRootGroup;
			path = MovieReviews;
			sourceTree = "<group>";
		};
		8E8C4EEA2D53C3820065CE27 /* MovieReviewsTests */ = {
			isa = PBXFileSystemSynchronizedRootGroup;
			path = MovieReviewsTests;
			sourceTree = "<group>";
		};
		8E8C4EF42D53C3820065CE27 /* MovieReviewsUITests */ = {
			isa = PBXFileSystemSynchronizedRootGroup;
			path = MovieReviewsUITests;
			sourceTree = "<group>";
		};
/* End PBXFileSystemSynchronizedRootGroup section */

/* Begin PBXFrameworksBuildPhase section */
		8E8C4ED42D53C3810065CE27 /* Frameworks */ = {
			isa = PBXFrameworksBuildPhase;
			buildActionMask = 2147483647;
			files = (
				8EAF23C92E6A46E1002D3F14 /* FirebaseAuth in Frameworks */,
				8EAF23CB2E6A46E1002D3F14 /* FirebaseFirestore in Frameworks */,
			);
			runOnlyForDeploymentPostprocessing = 0;
		};
		8E8C4EE42D53C3820065CE27 /* Frameworks */ = {
			isa = PBXFrameworksBuildPhase;
			buildActionMask = 2147483647;
			files = (
			);
			runOnlyForDeploymentPostprocessing = 0;
		};
		8E8C4EEE2D53C3820065CE27 /* Frameworks */ = {
			isa = PBXFrameworksBuildPhase;
			buildActionMask = 2147483647;
			files = (
			);
			runOnlyForDeploymentPostprocessing = 0;
		};
/* End PBXFrameworksBuildPhase section */

/* Begin PBXGroup section */
		8E8C4ECE2D53C3810065CE27 = {
			isa = PBXGroup;
			children = (
				8E8C4ED92D53C3810065CE27 /* MovieReviews */,
				8E8C4EEA2D53C3820065CE27 /* MovieReviewsTests */,
				8E8C4EF42D53C3820065CE27 /* MovieReviewsUITests */,
				8E8C4ED82D53C3810065CE27 /* Products */,
				8EAF23C52E6A42DD002D3F14 /* GoogleService-Info.plist */,
			);
			sourceTree = "<group>";
		};
		8E8C4ED82D53C3810065CE27 /* Products */ = {
			isa = PBXGroup;
			children = (
				8E8C4ED72D53C3810065CE27 /* MovieReviews.app */,
				8E8C4EE72D53C3820065CE27 /* MovieReviewsTests.xctest */,
				8E8C4EF12D53C3820065CE27 /* MovieReviewsUITests.xctest */,
			);
			name = Products;
			sourceTree = "<group>";
		};
/* End PBXGroup section */

/* Begin PBXNativeTarget section */
		8E8C4ED62D53C3810065CE27 /* MovieReviews */ = {
			isa = PBXNativeTarget;
			buildConfigurationList = 8E8C4EFB2D53C3820065CE27 /* Build configuration list for PBXNativeTarget "MovieReviews" */;
			buildPhases = (
				8E8C4ED32D53C3810065CE27 /* Sources */,
				8E8C4ED42D53C3810065CE27 /* Frameworks */,
				8E8C4ED52D53C3810065CE27 /* Resources */,
			);
			buildRules = (
			);
			dependencies = (
			);
			fileSystemSynchronizedGroups = (
				8E8C4ED92D53C3810065CE27 /* MovieReviews */,
			);
			name = MovieReviews;
			packageProductDependencies = (
				8EAF23C82E6A46E1002D3F14 /* FirebaseAuth */,
				8EAF23CA2E6A46E1002D3F14 /* FirebaseFirestore */,
			);
			productName = MovieReviews;
			productReference = 8E8C4ED72D53C3810065CE27 /* MovieReviews.app */;
			productType = "com.apple.product-type.application";
		};
		8E8C4EE62D53C3820065CE27 /* MovieReviewsTests */ = {
			isa = PBXNativeTarget;
			buildConfigurationList = 8E8C4EFE2D53C3820065CE27 /* Build configuration list for PBXNativeTarget "MovieReviewsTests" */;
			buildPhases = (
				8E8C4EE32D53C3820065CE27 /* Sources */,
				8E8C4EE42D53C3820065CE27 /* Frameworks */,
				8E8C4EE52D53C3820065CE27 /* Resources */,
			);
			buildRules = (
			);
			dependencies = (
				8E8C4EE92D53C3820065CE27 /* PBXTargetDependency */,
			);
			fileSystemSynchronizedGroups = (
				8E8C4EEA2D53C3820065CE27 /* MovieReviewsTests */,
			);
			name = MovieReviewsTests;
			packageProductDependencies = (
			);
			productName = MovieReviewsTests;
			productReference = 8E8C4EE72D53C3820065CE27 /* MovieReviewsTests.xctest */;
			productType = "com.apple.product-type.bundle.unit-test";
		};
		8E8C4EF02D53C3820065CE27 /* MovieReviewsUITests */ = {
			isa = PBXNativeTarget;
			buildConfigurationList = 8E8C4F012D53C3820065CE27 /* Build configuration list for PBXNativeTarget "MovieReviewsUITests" */;
			buildPhases = (
				8E8C4EED2D53C3820065CE27 /* Sources */,
				8E8C4EEE2D53C3820065CE27 /* Frameworks */,
				8E8C4EEF2D53C3820065CE27 /* Resources */,
			);
			buildRules = (
			);
			dependencies = (
				8E8C4EF32D53C3820065CE27 /* PBXTargetDependency */,
			);
			fileSystemSynchronizedGroups = (
				8E8C4EF42D53C3820065CE27 /* MovieReviewsUITests */,
			);
			name = MovieReviewsUITests;
			packageProductDependencies = (
			);
			productName = MovieReviewsUITests;
			productReference = 8E8C4EF12D53C3820065CE27 /* MovieReviewsUITests.xctest */;
			productType = "com.apple.product-type.bundle.ui-testing";
		};
/* End PBXNativeTarget section */

/* Begin PBXProject section */
		8E8C4ECF2D53C3810065CE27 /* Project object */ = {
			isa = PBXProject;
			attributes = {
				BuildIndependentTargetsInParallel = 1;
				LastSwiftUpdateCheck = 1600;
				LastUpgradeCheck = 1600;
				TargetAttributes = {
					8E8C4ED62D53C3810065CE27 = {
						CreatedOnToolsVersion = 16.0;
					};
					8E8C4EE62D53C3820065CE27 = {
						CreatedOnToolsVersion = 16.0;
						TestTargetID = 8E8C4ED62D53C3810065CE27;
					};
					8E8C4EF02D53C3820065CE27 = {
						CreatedOnToolsVersion = 16.0;
						TestTargetID = 8E8C4ED62D53C3810065CE27;
					};
				};
			};
			buildConfigurationList = 8E8C4ED22D53C3810065CE27 /* Build configuration list for PBXProject "MovieReviews" */;
			developmentRegion = en;
			hasScannedForEncodings = 0;
			knownRegions = (
				en,
				Base,
			);
			mainGroup = 8E8C4ECE2D53C3810065CE27;
			minimizedProjectReferenceProxies = 1;
			packageReferences = (
				8EAF23C72E6A4456002D3F14 /* XCRemoteSwiftPackageReference "firebase-ios-sdk" */,
			);
			preferredProjectObjectVersion = 77;
			productRefGroup = 8E8C4ED82D53C3810065CE27 /* Products */;
			projectDirPath = "";
			projectRoot = "";
			targets = (
				8E8C4ED62D53C3810065CE27 /* MovieReviews */,
				8E8C4EE62D53C3820065CE27 /* MovieReviewsTests */,
				8E8C4EF02D53C3820065CE27 /* MovieReviewsUITests */,
			);
		};
/* End PBXProject section */

/* Begin PBXResourcesBuildPhase section */
		8E8C4ED52D53C3810065CE27 /* Resources */ = {
			isa = PBXResourcesBuildPhase;
			buildActionMask = 2147483647;
			files = (
				8EAF23C62E6A42DD002D3F14 /* GoogleService-Info.plist in Resources */,
			);
			runOnlyForDeploymentPostprocessing = 0;
		};
		8E8C4EE52D53C3820065CE27 /* Resources */ = {
			isa = PBXResourcesBuildPhase;
			buildActionMask = 2147483647;
			files = (
			);
			runOnlyForDeploymentPostprocessing = 0;
		};
		8E8C4EEF2D53C3820065CE27 /* Resources */ = {
			isa = PBXResourcesBuildPhase;
			buildActionMask = 2147483647;
			files = (
			);
			runOnlyForDeploymentPostprocessing = 0;
		};
/* End PBXResourcesBuildPhase section */

/* Begin PBXSourcesBuildPhase section */
		8E8C4ED32D53C3810065CE27 /* Sources */ = {
			isa = PBXSourcesBuildPhase;
			buildActionMask = 2147483647;
			files = (
			);
			runOnlyForDeploymentPostprocessing = 0;
		};
		8E8C4EE32D53C3820065CE27 /* Sources */ = {
			isa = PBXSourcesBuildPhase;
			buildActionMask = 2147483647;
			files = (
			);
			runOnlyForDeploymentPostprocessing = 0;
		};
		8E8C4EED2D53C3820065CE27 /* Sources */ = {
			isa = PBXSourcesBuildPhase;
			buildActionMask = 2147483647;
			files = (
			);
			runOnlyForDeploymentPostprocessing = 0;
		};
/* End PBXSourcesBuildPhase section */

/* Begin PBXTargetDependency section */
		8E8C4EE92D53C3820065CE27 /* PBXTargetDependency */ = {
			isa = PBXTargetDependency;
			target = 8E8C4ED62D53C3810065CE27 /* MovieReviews */;
			targetProxy = 8E8C4EE82D53C3820065CE27 /* PBXContainerItemProxy */;
		};
		8E8C4EF32D53C3820065CE27 /* PBXTargetDependency */ = {
			isa = PBXTargetDependency;
			target = 8E8C4ED62D53C3810065CE27 /* MovieReviews */;
			targetProxy = 8E8C4EF22D53C3820065CE27 /* PBXContainerItemProxy */;
		};
/* End PBXTargetDependency section */

/* Begin XCBuildConfiguration section */
		8E8C4EF92D53C3820065CE27 /* Debug */ = {
			isa = XCBuildConfiguration;
			buildSettings = {
				ALWAYS_SEARCH_USER_PATHS = NO;
				ASSETCATALOG_COMPILER_GENERATE_SWIFT_ASSET_SYMBOL_EXTENSIONS = YES;
				CLANG_ANALYZER_NONNULL = YES;
				CLANG_ANALYZER_NUMBER_OBJECT_CONVERSION = YES_AGGRESSIVE;
				CLANG_CXX_LANGUAGE_STANDARD = "gnu++20";
				CLANG_ENABLE_MODULES = YES;
				CLANG_ENABLE_OBJC_ARC = YES;
				CLANG_ENABLE_OBJC_WEAK = YES;
				CLANG_WARN_BLOCK_CAPTURE_AUTORELEASING = YES;
				CLANG_WARN_BOOL_CONVERSION = YES;
				CLANG_WARN_COMMA = YES;
				CLANG_WARN_CONSTANT_CONVERSION = YES;
				CLANG_WARN_DEPRECATED_OBJC_IMPLEMENTATIONS = YES;
				CLANG_WARN_DIRECT_OBJC_ISA_USAGE = YES_ERROR;
				CLANG_WARN_DOCUMENTATION_COMMENTS = YES;
				CLANG_WARN_EMPTY_BODY = YES;
				CLANG_WARN_ENUM_CONVERSION = YES;
				CLANG_WARN_INFINITE_RECURSION = YES;
				CLANG_WARN_INT_CONVERSION = YES;
				CLANG_WARN_NON_LITERAL_NULL_CONVERSION = YES;
				CLANG_WARN_OBJC_IMPLICIT_RETAIN_SELF = YES;
				CLANG_WARN_OBJC_LITERAL_CONVERSION = YES;
				CLANG_WARN_OBJC_ROOT_CLASS = YES_ERROR;
				CLANG_WARN_QUOTED_INCLUDE_IN_FRAMEWORK_HEADER = YES;
				CLANG_WARN_RANGE_LOOP_ANALYSIS = YES;
				CLANG_WARN_STRICT_PROTOTYPES = YES;
				CLANG_WARN_SUSPICIOUS_MOVE = YES;
				CLANG_WARN_UNGUARDED_AVAILABILITY = YES_AGGRESSIVE;
				CLANG_WARN_UNREACHABLE_CODE = YES;
				CLANG_WARN__DUPLICATE_METHOD_MATCH = YES;
				COPY_PHASE_STRIP = NO;
				DEBUG_INFORMATION_FORMAT = dwarf;
				ENABLE_STRICT_OBJC_MSGSEND = YES;
				ENABLE_TESTABILITY = YES;
				ENABLE_USER_SCRIPT_SANDBOXING = YES;
				GCC_C_LANGUAGE_STANDARD = gnu17;
				GCC_DYNAMIC_NO_PIC = NO;
				GCC_NO_COMMON_BLOCKS = YES;
				GCC_OPTIMIZATION_LEVEL = 0;
				GCC_PREPROCESSOR_DEFINITIONS = (
					"DEBUG=1",
					"$(inherited)",
				);
				GCC_WARN_64_TO_32_BIT_CONVERSION = YES;
				GCC_WARN_ABOUT_RETURN_TYPE = YES_ERROR;
				GCC_WARN_UNDECLARED_SELECTOR = YES;
				GCC_WARN_UNINITIALIZED_AUTOS = YES_AGGRESSIVE;
				GCC_WARN_UNUSED_FUNCTION = YES;
				GCC_WARN_UNUSED_VARIABLE = YES;
				IPHONEOS_DEPLOYMENT_TARGET = 18.0;
				LOCALIZATION_PREFERS_STRING_CATALOGS = YES;
				MTL_ENABLE_DEBUG_INFO = INCLUDE_SOURCE;
				MTL_FAST_MATH = YES;
				ONLY_ACTIVE_ARCH = YES;
				SDKROOT = iphoneos;
				SWIFT_ACTIVE_COMPILATION_CONDITIONS = "DEBUG $(inherited)";
				SWIFT_OPTIMIZATION_LEVEL = "-Onone";
			};
			name = Debug;
		};
		8E8C4EFA2D53C3820065CE27 /* Release */ = {
			isa = XCBuildConfiguration;
			buildSettings = {
				ALWAYS_SEARCH_USER_PATHS = NO;
				ASSETCATALOG_COMPILER_GENERATE_SWIFT_ASSET_SYMBOL_EXTENSIONS = YES;
				CLANG_ANALYZER_NONNULL = YES;
				CLANG_ANALYZER_NUMBER_OBJECT_CONVERSION = YES_AGGRESSIVE;
				CLANG_CXX_LANGUAGE_STANDARD = "gnu++20";
				CLANG_ENABLE_MODULES = YES;
				CLANG_ENABLE_OBJC_ARC = YES;
				CLANG_ENABLE_OBJC_WEAK = YES;
				CLANG_WARN_BLOCK_CAPTURE_AUTORELEASING = YES;
				CLANG_WARN_BOOL_CONVERSION = YES;
				CLANG_WARN_COMMA = YES;
				CLANG_WARN_CONSTANT_CONVERSION = YES;
				CLANG_WARN_DEPRECATED_OBJC_IMPLEMENTATIONS = YES;
				CLANG_WARN_DIRECT_OBJC_ISA_USAGE = YES_ERROR;
				CLANG_WARN_DOCUMENTATION_COMMENTS = YES;
				CLANG_WARN_EMPTY_BODY = YES;
				CLANG_WARN_ENUM_CONVERSION = YES;
				CLANG_WARN_INFINITE_RECURSION = YES;
				CLANG_WARN_INT_CONVERSION = YES;
				CLANG_WARN_NON_LITERAL_NULL_CONVERSION = YES;
				CLANG_WARN_OBJC_IMPLICIT_RETAIN_SELF = YES;
				CLANG_WARN_OBJC_LITERAL_CONVERSION = YES;
				CLANG_WARN_OBJC_ROOT_CLASS = YES_ERROR;
				CLANG_WARN_QUOTED_INCLUDE_IN_FRAMEWORK_HEADER = YES;
				CLANG_WARN_RANGE_LOOP_ANALYSIS = YES;
				CLANG_WARN_STRICT_PROTOTYPES = YES;
				CLANG_WARN_SUSPICIOUS_MOVE = YES;
				CLANG_WARN_UNGUARDED_AVAILABILITY = YES_AGGRESSIVE;
				CLANG_WARN_UNREACHABLE_CODE = YES;
				CLANG_WARN__DUPLICATE_METHOD_MATCH = YES;
				COPY_PHASE_STRIP = NO;
				DEBUG_INFORMATION_FORMAT = "dwarf-with-dsym";
				ENABLE_NS_ASSERTIONS = NO;
				ENABLE_STRICT_OBJC_MSGSEND = YES;
				ENABLE_USER_SCRIPT_SANDBOXING = YES;
				GCC_C_LANGUAGE_STANDARD = gnu17;
				GCC_NO_COMMON_BLOCKS = YES;
				GCC_WARN_64_TO_32_BIT_CONVERSION = YES;
				GCC_WARN_ABOUT_RETURN_TYPE = YES_ERROR;
				GCC_WARN_UNDECLARED_SELECTOR = YES;
				GCC_WARN_UNINITIALIZED_AUTOS = YES_AGGRESSIVE;
				GCC_WARN_UNUSED_FUNCTION = YES;
				GCC_WARN_UNUSED_VARIABLE = YES;
				IPHONEOS_DEPLOYMENT_TARGET = 18.0;
				LOCALIZATION_PREFERS_STRING_CATALOGS = YES;
				MTL_ENABLE_DEBUG_INFO = NO;
				MTL_FAST_MATH = YES;
				SDKROOT = iphoneos;
				SWIFT_COMPILATION_MODE = wholemodule;
				VALIDATE_PRODUCT = YES;
			};
			name = Release;
		};
		8E8C4EFC2D53C3820065CE27 /* Debug */ = {
			isa = XCBuildConfiguration;
			buildSettings = {
				ASSETCATALOG_COMPILER_APPICON_NAME = AppIcon;
				ASSETCATALOG_COMPILER_GLOBAL_ACCENT_COLOR_NAME = AccentColor;
				CODE_SIGN_STYLE = Automatic;
				CURRENT_PROJECT_VERSION = 1;
				DEVELOPMENT_ASSET_PATHS = "\"MovieReviews/Preview Content\"";
				DEVELOPMENT_TEAM = N495U8874N;
				ENABLE_PREVIEWS = YES;
				GENERATE_INFOPLIST_FILE = YES;
				INFOPLIST_KEY_UIApplicationSceneManifest_Generation = YES;
				INFOPLIST_KEY_UIApplicationSupportsIndirectInputEvents = YES;
				INFOPLIST_KEY_UILaunchScreen_Generation = YES;
				INFOPLIST_KEY_UISupportedInterfaceOrientations_iPad = "UIInterfaceOrientationPortrait UIInterfaceOrientationPortraitUpsideDown UIInterfaceOrientationLandscapeLeft UIInterfaceOrientationLandscapeRight";
				INFOPLIST_KEY_UISupportedInterfaceOrientations_iPhone = "UIInterfaceOrientationPortrait UIInterfaceOrientationLandscapeLeft UIInterfaceOrientationLandscapeRight";
				LD_RUNPATH_SEARCH_PATHS = (
					"$(inherited)",
					"@executable_path/Frameworks",
				);
				MARKETING_VERSION = 1.0;
				PRODUCT_BUNDLE_IDENTIFIER = com.app.aryan.MovieReviews;
				PRODUCT_NAME = "$(TARGET_NAME)";
				SWIFT_EMIT_LOC_STRINGS = YES;
				SWIFT_VERSION = 5.0;
				TARGETED_DEVICE_FAMILY = "1,2";
			};
			name = Debug;
		};
		8E8C4EFD2D53C3820065CE27 /* Release */ = {
			isa = XCBuildConfiguration;
			buildSettings = {
				ASSETCATALOG_COMPILER_APPICON_NAME = AppIcon;
				ASSETCATALOG_COMPILER_GLOBAL_ACCENT_COLOR_NAME = AccentColor;
				CODE_SIGN_STYLE = Automatic;
				CURRENT_PROJECT_VERSION = 1;
				DEVELOPMENT_ASSET_PATHS = "\"MovieReviews/Preview Content\"";
				DEVELOPMENT_TEAM = N495U8874N;
				ENABLE_PREVIEWS = YES;
				GENERATE_INFOPLIST_FILE = YES;
				INFOPLIST_KEY_UIApplicationSceneManifest_Generation = YES;
				INFOPLIST_KEY_UIApplicationSupportsIndirectInputEvents = YES;
				INFOPLIST_KEY_UILaunchScreen_Generation = YES;
				INFOPLIST_KEY_UISupportedInterfaceOrientations_iPad = "UIInterfaceOrientationPortrait UIInterfaceOrientationPortraitUpsideDown UIInterfaceOrientationLandscapeLeft UIInterfaceOrientationLandscapeRight";
				INFOPLIST_KEY_UISupportedInterfaceOrientations_iPhone = "UIInterfaceOrientationPortrait UIInterfaceOrientationLandscapeLeft UIInterfaceOrientationLandscapeRight";
				LD_RUNPATH_SEARCH_PATHS = (
					"$(inherited)",
					"@executable_path/Frameworks",
				);
				MARKETING_VERSION = 1.0;
				PRODUCT_BUNDLE_IDENTIFIER = com.app.aryan.MovieReviews;
				PRODUCT_NAME = "$(TARGET_NAME)";
				SWIFT_EMIT_LOC_STRINGS = YES;
				SWIFT_VERSION = 5.0;
				TARGETED_DEVICE_FAMILY = "1,2";
			};
			name = Release;
		};
		8E8C4EFF2D53C3820065CE27 /* Debug */ = {
			isa = XCBuildConfiguration;
			buildSettings = {
				BUNDLE_LOADER = "$(TEST_HOST)";
				CODE_SIGN_STYLE = Automatic;
				CURRENT_PROJECT_VERSION = 1;
				DEVELOPMENT_TEAM = N495U8874N;
				GENERATE_INFOPLIST_FILE = YES;
				IPHONEOS_DEPLOYMENT_TARGET = 18.0;
				MARKETING_VERSION = 1.0;
				PRODUCT_BUNDLE_IDENTIFIER = com.app.aryan.MovieReviewsTests;
				PRODUCT_NAME = "$(TARGET_NAME)";
				SWIFT_EMIT_LOC_STRINGS = NO;
				SWIFT_VERSION = 5.0;
				TARGETED_DEVICE_FAMILY = "1,2";
				TEST_HOST = "$(BUILT_PRODUCTS_DIR)/MovieReviews.app/$(BUNDLE_EXECUTABLE_FOLDER_PATH)/MovieReviews";
			};
			name = Debug;
		};
		8E8C4F002D53C3820065CE27 /* Release */ = {
			isa = XCBuildConfiguration;
			buildSettings = {
				BUNDLE_LOADER = "$(TEST_HOST)";
				CODE_SIGN_STYLE = Automatic;
				CURRENT_PROJECT_VERSION = 1;
				DEVELOPMENT_TEAM = N495U8874N;
				GENERATE_INFOPLIST_FILE = YES;
				IPHONEOS_DEPLOYMENT_TARGET = 18.0;
				MARKETING_VERSION = 1.0;
				PRODUCT_BUNDLE_IDENTIFIER = com.app.aryan.MovieReviewsTests;
				PRODUCT_NAME = "$(TARGET_NAME)";
				SWIFT_EMIT_LOC_STRINGS = NO;
				SWIFT_VERSION = 5.0;
				TARGETED_DEVICE_FAMILY = "1,2";
				TEST_HOST = "$(BUILT_PRODUCTS_DIR)/MovieReviews.app/$(BUNDLE_EXECUTABLE_FOLDER_PATH)/MovieReviews";
			};
			name = Release;
		};
		8E8C4F022D53C3820065CE27 /* Debug */ = {
			isa = XCBuildConfiguration;
			buildSettings = {
				CODE_SIGN_STYLE = Automatic;
				CURRENT_PROJECT_VERSION = 1;
				DEVELOPMENT_TEAM = N495U8874N;
				GENERATE_INFOPLIST_FILE = YES;
				MARKETING_VERSION = 1.0;
				PRODUCT_BUNDLE_IDENTIFIER = com.app.aryan.MovieReviewsUITests;
				PRODUCT_NAME = "$(TARGET_NAME)";
				SWIFT_EMIT_LOC_STRINGS = NO;
				SWIFT_VERSION = 5.0;
				TARGETED_DEVICE_FAMILY = "1,2";
				TEST_TARGET_NAME = MovieReviews;
			};
			name = Debug;
		};
		8E8C4F032D53C3820065CE27 /* Release */ = {
			isa = XCBuildConfiguration;
			buildSettings = {
				CODE_SIGN_STYLE = Automatic;
				CURRENT_PROJECT_VERSION = 1;
				DEVELOPMENT_TEAM = N495U8874N;
				GENERATE_INFOPLIST_FILE = YES;
				MARKETING_VERSION = 1.0;
				PRODUCT_BUNDLE_IDENTIFIER = com.app.aryan.MovieReviewsUITests;
				PRODUCT_NAME = "$(TARGET_NAME)";
				SWIFT_EMIT_LOC_STRINGS = NO;
				SWIFT_VERSION = 5.0;
				TARGETED_DEVICE_FAMILY = "1,2";
				TEST_TARGET_NAME = MovieReviews;
			};
			name = Release;
		};
/* End XCBuildConfiguration section */

/* Begin XCConfigurationList section */
		8E8C4ED22D53C3810065CE27 /* Build configuration list for PBXProject "MovieReviews" */ = {
			isa = XCConfigurationList;
			buildConfigurations = (
				8E8C4EF92D53C3820065CE27 /* Debug */,
				8E8C4EFA2D53C3820065CE27 /* Release */,
			);
			defaultConfigurationIsVisible = 0;
			defaultConfigurationName = Release;
		};
		8E8C4EFB2D53C3820065CE27 /* Build configuration list for PBXNativeTarget "MovieReviews" */ = {
			isa = XCConfigurationList;
			buildConfigurations = (
				8E8C4EFC2D53C3820065CE27 /* Debug */,
				8E8C4EFD2D53C3820065CE27 /* Release */,
			);
			defaultConfigurationIsVisible = 0;
			defaultConfigurationName = Release;
		};
		8E8C4EFE2D53C3820065CE27 /* Build configuration list for PBXNativeTarget "MovieReviewsTests" */ = {
			isa = XCConfigurationList;
			buildConfigurations = (
				8E8C4EFF2D53C3820065CE27 /* Debug */,
				8E8C4F002D53C3820065CE27 /* Release */,
			);
			defaultConfigurationIsVisible = 0;
			defaultConfigurationName = Release;
		};
		8E8C4F012D53C3820065CE27 /* Build configuration list for PBXNativeTarget "MovieReviewsUITests" */ = {
			isa = XCConfigurationList;
			buildConfigurations = (
				8E8C4F022D53C3820065CE27 /* Debug */,
				8E8C4F032D53C3820065CE27 /* Release */,
			);
			defaultConfigurationIsVisible = 0;
			defaultConfigurationName = Release;
		};
/* End XCConfigurationList section */

/* Begin XCRemoteSwiftPackageReference section */
		8EAF23C72E6A4456002D3F14 /* XCRemoteSwiftPackageReference "firebase-ios-sdk" */ = {
			isa = XCRemoteSwiftPackageReference;
			repositoryURL = "https://github.com/firebase/firebase-ios-sdk";
			requirement = {
				kind = upToNextMajorVersion;
				minimumVersion = 12.2.0;
			};
		};
/* End XCRemoteSwiftPackageReference section */

/* Begin XCSwiftPackageProductDependency section */
		8EAF23C82E6A46E1002D3F14 /* FirebaseAuth */ = {
			isa = XCSwiftPackageProductDependency;
			package = 8EAF23C72E6A4456002D3F14 /* XCRemoteSwiftPackageReference "firebase-ios-sdk" */;
			productName = FirebaseAuth;
		};
		8EAF23CA2E6A46E1002D3F14 /* FirebaseFirestore */ = {
			isa = XCSwiftPackageProductDependency;
			package = 8EAF23C72E6A4456002D3F14 /* XCRemoteSwiftPackageReference "firebase-ios-sdk" */;
			productName = FirebaseFirestore;
		};
/* End XCSwiftPackageProductDependency section */
	};
	rootObject = 8E8C4ECF2D53C3810065CE27 /* Project object */;
}
